
Microsoft Visual Studio Solution File, Format Version 12.00
# Visual Studio Version 16
VisualStudioVersion = 16.0.30907.101
MinimumVisualStudioVersion = 10.0.40219.1
Project("{9A19103F-16F7-4668-BE54-9A1E7A4F7556}") = "IdentityServer", "IdentityServer\IdentityServer.csproj", "{E470E9BC-04C1-4EE8-BECB-C46340EDC907}"
EndProject
Project("{9A19103F-16F7-4668-BE54-9A1E7A4F7556}") = "Server", "Server\Server.csproj", "{3CBF4072-51DA-4AD9-9196-B0503C9BCD71}"
EndProject
Global
	GlobalSection(SolutionConfigurationPlatforms) = preSolution
		Debug|Any CPU = Debug|Any CPU
		Release|Any CPU = Release|Any CPU
	EndGlobalSection
	GlobalSection(ProjectConfigurationPlatforms) = postSolution
		{E470E9BC-04C1-4EE8-BECB-C46340EDC907}.Debug|Any CPU.ActiveCfg = Debug|Any CPU
		{E470E9BC-04C1-4EE8-BECB-C46340EDC907}.Debug|Any CPU.Build.0 = Debug|Any CPU
		{E470E9BC-04C1-4EE8-BECB-C46340EDC907}.Release|Any CPU.ActiveCfg = Release|Any CPU
		{E470E9BC-04C1-4EE8-BECB-C46340EDC907}.Release|Any CPU.Build.0 = Release|Any CPU
		{3CBF4072-51DA-4AD9-9196-B0503C9BCD71}.Debug|Any CPU.ActiveCfg = Debug|Any CPU
		{3CBF4072-51DA-4AD9-9196-B0503C9BCD71}.Debug|Any CPU.Build.0 = Debug|Any CPU
		{3CBF4072-51DA-4AD9-9196-B0503C9BCD71}.Release|Any CPU.ActiveCfg = Release|Any CPU
		{3CBF4072-51DA-4AD9-9196-B0503C9BCD71}.Release|Any CPU.Build.0 = Release|Any CPU
	EndGlobalSection
	GlobalSection(SolutionProperties) = preSolution
		HideSolutionNode = FALSE
	EndGlobalSection
	GlobalSection(ExtensibilityGlobals) = postSolution
		SolutionGuid = {14BACE05-DE09-4C9C-B949-2811778CCE61}
	EndGlobalSection
EndGlobal
